
Microsoft Visual Studio Solution File, Format Version 12.00
# Visual Studio Version 16
VisualStudioVersion = 16.0.28803.452
MinimumVisualStudioVersion = 10.0.40219.1
Project("{FAE04EC0-301F-11D3-BF4B-00C04F79EFBC}") = "Assignment2API", "Assignment2API\Assignment2API.csproj", "{1F61AA36-6B04-45AE-83CD-C136A61885AA}"
EndProject
Global
	GlobalSection(SolutionConfigurationPlatforms) = preSolution
		Debug|Any CPU = Debug|Any CPU
		Release|Any CPU = Release|Any CPU
	EndGlobalSection
	GlobalSection(ProjectConfigurationPlatforms) = postSolution
		{1F61AA36-6B04-45AE-83CD-C136A61885AA}.Debug|Any CPU.ActiveCfg = Debug|Any CPU
		{1F61AA36-6B04-45AE-83CD-C136A61885AA}.Debug|Any CPU.Build.0 = Debug|Any CPU
		{1F61AA36-6B04-45AE-83CD-C136A61885AA}.Release|Any CPU.ActiveCfg = Release|Any CPU
		{1F61AA36-6B04-45AE-83CD-C136A61885AA}.Release|Any CPU.Build.0 = Release|Any CPU
	EndGlobalSection
	GlobalSection(SolutionProperties) = preSolution
		HideSolutionNode = FALSE
	EndGlobalSection
	GlobalSection(ExtensibilityGlobals) = postSolution
		SolutionGuid = {20AF90CF-5BCE-45DE-987E-2E00C7CE325F}
	EndGlobalSection
EndGlobal
